lockfileVersion: '9.0'

settings:
  autoInstallPeers: true
  excludeLinksFromLockfile: false

importers:

  .:
    dependencies:
      '@tauri-apps/api':
        specifier: ^1
        version: 1.6.0
    devDependencies:
      '@sveltejs/adapter-static':
        specifier: ^3.0.1
        version: 3.0.2(@sveltejs/kit@2.5.18(@sveltejs/vite-plugin-svelte@3.1.1(svelte@4.2.18)(vite@5.3.3))(svelte@4.2.18)(vite@5.3.3))
      '@sveltejs/kit':
        specifier: ^2.0.0
        version: 2.5.18(@sveltejs/vite-plugin-svelte@3.1.1(svelte@4.2.18)(vite@5.3.3))(svelte@4.2.18)(vite@5.3.3)
      '@sveltejs/vite-plugin-svelte':
        specifier: ^3.0.0
        version: 3.1.1(svelte@4.2.18)(vite@5.3.3)
      '@tauri-apps/cli':
        specifier: ^1
        version: 1.6.0
      svelte:
        specifier: ^4.2.7
        version: 4.2.18
      svelte-check:
        specifier: ^3.6.0
        version: 3.8.4(postcss@8.4.39)(svelte@4.2.18)
      tslib:
        specifier: ^2.4.1
        version: 2.6.3
      typescript:
        specifier: ^5.0.0
        version: 5.5.3
      vite:
        specifier: ^5.0.3
        version: 5.3.3

packages:

  '@ampproject/remapping@2.3.0':
    resolution: {integrity: sha512-30iZtAPgz+LTIYoeivqYo853f02jBYSd5uGnGpkFV0M3xOt9aN73erkgYAmZU43x4VfqcnLxW9Kpg3R5LC4YYw==}
    engines: {node: '>=6.0.0'}

  '@esbuild/aix-ppc64@0.21.5':
    resolution: {integrity: sha512-1SDgH6ZSPTlggy1yI6+Dbkiz8xzpHJEVAlF/AM1tHPLsf5STom9rwtjE4hKAF20FfXXNTFqEYXyJNWh1GiZedQ==}
    engines: {node: '>=12'}
    cpu: [ppc64]
    os: [aix]

  '@esbuild/android-arm64@0.21.5':
    resolution: {integrity: sha512-c0uX9VAUBQ7dTDCjq+wdyGLowMdtR/GoC2U5IYk/7D1H1JYC0qseD7+11iMP2mRLN9RcCMRcjC4YMclCzGwS/A==}
    engines: {node: '>=12'}
    cpu: [arm64]
    os: [android]

  '@esbuild/android-arm@0.21.5':
    resolution: {integrity: sha512-vCPvzSjpPHEi1siZdlvAlsPxXl7WbOVUBBAowWug4rJHb68Ox8KualB+1ocNvT5fjv6wpkX6o/iEpbDrf68zcg==}
    engines: {node: '>=12'}
    cpu: [arm]
    os: [android]

  '@esbuild/android-x64@0.21.5':
    resolution: {integrity: sha512-D7aPRUUNHRBwHxzxRvp856rjUHRFW1SdQATKXH2hqA0kAZb1hKmi02OpYRacl0TxIGz/ZmXWlbZgjwWYaCakTA==}
    engines: {node: '>=12'}
    cpu: [x64]
    os: [android]

  '@esbuild/darwin-arm64@0.21.5':
    resolution: {integrity: sha512-DwqXqZyuk5AiWWf3UfLiRDJ5EDd49zg6O9wclZ7kUMv2WRFr4HKjXp/5t8JZ11QbQfUS6/cRCKGwYhtNAY88kQ==}
    engines: {node: '>=12'}
    cpu: [arm64]
    os: [darwin]

  '@esbuild/darwin-x64@0.21.5':
    resolution: {integrity: sha512-se/JjF8NlmKVG4kNIuyWMV/22ZaerB+qaSi5MdrXtd6R08kvs2qCN4C09miupktDitvh8jRFflwGFBQcxZRjbw==}
    engines: {node: '>=12'}
    cpu: [x64]
    os: [darwin]

  '@esbuild/freebsd-arm64@0.21.5':
    resolution: {integrity: sha512-5JcRxxRDUJLX8JXp/wcBCy3pENnCgBR9bN6JsY4OmhfUtIHe3ZW0mawA7+RDAcMLrMIZaf03NlQiX9DGyB8h4g==}
    engines: {node: '>=12'}
    cpu: [arm64]
    os: [freebsd]

  '@esbuild/freebsd-x64@0.21.5':
    resolution: {integrity: sha512-J95kNBj1zkbMXtHVH29bBriQygMXqoVQOQYA+ISs0/2l3T9/kj42ow2mpqerRBxDJnmkUDCaQT/dfNXWX/ZZCQ==}
    engines: {node: '>=12'}
    cpu: [x64]
    os: [freebsd]

  '@esbuild/linux-arm64@0.21.5':
    resolution: {integrity: sha512-ibKvmyYzKsBeX8d8I7MH/TMfWDXBF3db4qM6sy+7re0YXya+K1cem3on9XgdT2EQGMu4hQyZhan7TeQ8XkGp4Q==}
    engines: {node: '>=12'}
    cpu: [arm64]
    os: [linux]

  '@esbuild/linux-arm@0.21.5':
    resolution: {integrity: sha512-bPb5AHZtbeNGjCKVZ9UGqGwo8EUu4cLq68E95A53KlxAPRmUyYv2D6F0uUI65XisGOL1hBP5mTronbgo+0bFcA==}
    engines: {node: '>=12'}
    cpu: [arm]
    os: [linux]

  '@esbuild/linux-ia32@0.21.5':
    resolution: {integrity: sha512-YvjXDqLRqPDl2dvRODYmmhz4rPeVKYvppfGYKSNGdyZkA01046pLWyRKKI3ax8fbJoK5QbxblURkwK/MWY18Tg==}
    engines: {node: '>=12'}
    cpu: [ia32]
    os: [linux]

  '@esbuild/linux-loong64@0.21.5':
    resolution: {integrity: sha512-uHf1BmMG8qEvzdrzAqg2SIG/02+4/DHB6a9Kbya0XDvwDEKCoC8ZRWI5JJvNdUjtciBGFQ5PuBlpEOXQj+JQSg==}
    engines: {node: '>=12'}
    cpu: [loong64]
    os: [linux]

  '@esbuild/linux-mips64el@0.21.5':
    resolution: {integrity: sha512-IajOmO+KJK23bj52dFSNCMsz1QP1DqM6cwLUv3W1QwyxkyIWecfafnI555fvSGqEKwjMXVLokcV5ygHW5b3Jbg==}
    engines: {node: '>=12'}
    cpu: [mips64el]
    os: [linux]

  '@esbuild/linux-ppc64@0.21.5':
    resolution: {integrity: sha512-1hHV/Z4OEfMwpLO8rp7CvlhBDnjsC3CttJXIhBi+5Aj5r+MBvy4egg7wCbe//hSsT+RvDAG7s81tAvpL2XAE4w==}
    engines: {node: '>=12'}
    cpu: [ppc64]
    os: [linux]

  '@esbuild/linux-riscv64@0.21.5':
    resolution: {integrity: sha512-2HdXDMd9GMgTGrPWnJzP2ALSokE/0O5HhTUvWIbD3YdjME8JwvSCnNGBnTThKGEB91OZhzrJ4qIIxk/SBmyDDA==}
    engines: {node: '>=12'}
    cpu: [riscv64]
    os: [linux]

  '@esbuild/linux-s390x@0.21.5':
    resolution: {integrity: sha512-zus5sxzqBJD3eXxwvjN1yQkRepANgxE9lgOW2qLnmr8ikMTphkjgXu1HR01K4FJg8h1kEEDAqDcZQtbrRnB41A==}
    engines: {node: '>=12'}
    cpu: [s390x]
    os: [linux]

  '@esbuild/linux-x64@0.21.5':
    resolution: {integrity: sha512-1rYdTpyv03iycF1+BhzrzQJCdOuAOtaqHTWJZCWvijKD2N5Xu0TtVC8/+1faWqcP9iBCWOmjmhoH94dH82BxPQ==}
    engines: {node: '>=12'}
    cpu: [x64]
    os: [linux]

  '@esbuild/netbsd-x64@0.21.5':
    resolution: {integrity: sha512-Woi2MXzXjMULccIwMnLciyZH4nCIMpWQAs049KEeMvOcNADVxo0UBIQPfSmxB3CWKedngg7sWZdLvLczpe0tLg==}
    engines: {node: '>=12'}
    cpu: [x64]
    os: [netbsd]

  '@esbuild/openbsd-x64@0.21.5':
    resolution: {integrity: sha512-HLNNw99xsvx12lFBUwoT8EVCsSvRNDVxNpjZ7bPn947b8gJPzeHWyNVhFsaerc0n3TsbOINvRP2byTZ5LKezow==}
    engines: {node: '>=12'}
    cpu: [x64]
    os: [openbsd]

  '@esbuild/sunos-x64@0.21.5':
    resolution: {integrity: sha512-6+gjmFpfy0BHU5Tpptkuh8+uw3mnrvgs+dSPQXQOv3ekbordwnzTVEb4qnIvQcYXq6gzkyTnoZ9dZG+D4garKg==}
    engines: {node: '>=12'}
    cpu: [x64]
    os: [sunos]

  '@esbuild/win32-arm64@0.21.5':
    resolution: {integrity: sha512-Z0gOTd75VvXqyq7nsl93zwahcTROgqvuAcYDUr+vOv8uHhNSKROyU961kgtCD1e95IqPKSQKH7tBTslnS3tA8A==}
    engines: {node: '>=12'}
    cpu: [arm64]
    os: [win32]

  '@esbuild/win32-ia32@0.21.5':
    resolution: {integrity: sha512-SWXFF1CL2RVNMaVs+BBClwtfZSvDgtL//G/smwAc5oVK/UPu2Gu9tIaRgFmYFFKrmg3SyAjSrElf0TiJ1v8fYA==}
    engines: {node: '>=12'}
    cpu: [ia32]
    os: [win32]

  '@esbuild/win32-x64@0.21.5':
    resolution: {integrity: sha512-tQd/1efJuzPC6rCFwEvLtci/xNFcTZknmXs98FYDfGE4wP9ClFV98nyKrzJKVPMhdDnjzLhdUyMX4PsQAPjwIw==}
    engines: {node: '>=12'}
    cpu: [x64]
    os: [win32]

  '@jridgewell/gen-mapping@0.3.5':
    resolution: {integrity: sha512-IzL8ZoEDIBRWEzlCcRhOaCupYyN5gdIK+Q6fbFdPDg6HqX6jpkItn7DFIpW9LQzXG6Df9sA7+OKnq0qlz/GaQg==}
    engines: {node: '>=6.0.0'}

  '@jridgewell/resolve-uri@3.1.2':
    resolution: {integrity: sha512-bRISgCIjP20/tbWSPWMEi54QVPRZExkuD9lJL+UIxUKtwVJA8wW1Trb1jMs1RFXo1CBTNZ/5hpC9QvmKWdopKw==}
    engines: {node: '>=6.0.0'}

  '@jridgewell/set-array@1.2.1':
    resolution: {integrity: sha512-R8gLRTZeyp03ymzP/6Lil/28tGeGEzhx1q2k703KGWRAI1VdvPIXdG70VJc2pAMw3NA6JKL5hhFu1sJX0Mnn/A==}
    engines: {node: '>=6.0.0'}

  '@jridgewell/sourcemap-codec@1.4.15':
    resolution: {integrity: sha512-eF2rxCRulEKXHTRiDrDy6erMYWqNw4LPdQ8UQA4huuxaQsVeRPFl2oM8oDGxMFhJUWZf9McpLtJasDDZb/Bpeg==}

  '@jridgewell/trace-mapping@0.3.25':
    resolution: {integrity: sha512-vNk6aEwybGtawWmy/PzwnGDOjCkLWSD2wqvjGGAgOAwCGWySYXfYoxt00IJkTF+8Lb57DwOb3Aa0o9CApepiYQ==}

  '@polka/url@1.0.0-next.25':
    resolution: {integrity: sha512-j7P6Rgr3mmtdkeDGTe0E/aYyWEWVtc5yFXtHCRHs28/jptDEWfaVOc5T7cblqy1XKPPfCxJc/8DwQ5YgLOZOVQ==}

  '@rollup/rollup-android-arm-eabi@4.18.1':
    resolution: {integrity: sha512-lncuC4aHicncmbORnx+dUaAgzee9cm/PbIqgWz1PpXuwc+sa1Ct83tnqUDy/GFKleLiN7ZIeytM6KJ4cAn1SxA==}
    cpu: [arm]
    os: [android]

  '@rollup/rollup-android-arm64@4.18.1':
    resolution: {integrity: sha512-F/tkdw0WSs4ojqz5Ovrw5r9odqzFjb5LIgHdHZG65dFI1lWTWRVy32KDJLKRISHgJvqUeUhdIvy43fX41znyDg==}
    cpu: [arm64]
    os: [android]

  '@rollup/rollup-darwin-arm64@4.18.1':
    resolution: {integrity: sha512-vk+ma8iC1ebje/ahpxpnrfVQJibTMyHdWpOGZ3JpQ7Mgn/3QNHmPq7YwjZbIE7km73dH5M1e6MRRsnEBW7v5CQ==}
    cpu: [arm64]
    os: [darwin]

  '@rollup/rollup-darwin-x64@4.18.1':
    resolution: {integrity: sha512-IgpzXKauRe1Tafcej9STjSSuG0Ghu/xGYH+qG6JwsAUxXrnkvNHcq/NL6nz1+jzvWAnQkuAJ4uIwGB48K9OCGA==}
    cpu: [x64]
    os: [darwin]

  '@rollup/rollup-linux-arm-gnueabihf@4.18.1':
    resolution: {integrity: sha512-P9bSiAUnSSM7EmyRK+e5wgpqai86QOSv8BwvkGjLwYuOpaeomiZWifEos517CwbG+aZl1T4clSE1YqqH2JRs+g==}
    cpu: [arm]
    os: [linux]

  '@rollup/rollup-linux-arm-musleabihf@4.18.1':
    resolution: {integrity: sha512-5RnjpACoxtS+aWOI1dURKno11d7krfpGDEn19jI8BuWmSBbUC4ytIADfROM1FZrFhQPSoP+KEa3NlEScznBTyQ==}
    cpu: [arm]
    os: [linux]

  '@rollup/rollup-linux-arm64-gnu@4.18.1':
    resolution: {integrity: sha512-8mwmGD668m8WaGbthrEYZ9CBmPug2QPGWxhJxh/vCgBjro5o96gL04WLlg5BA233OCWLqERy4YUzX3bJGXaJgQ==}
    cpu: [arm64]
    os: [linux]

  '@rollup/rollup-linux-arm64-musl@4.18.1':
    resolution: {integrity: sha512-dJX9u4r4bqInMGOAQoGYdwDP8lQiisWb9et+T84l2WXk41yEej8v2iGKodmdKimT8cTAYt0jFb+UEBxnPkbXEQ==}
    cpu: [arm64]
    os: [linux]

  '@rollup/rollup-linux-powerpc64le-gnu@4.18.1':
    resolution: {integrity: sha512-V72cXdTl4EI0x6FNmho4D502sy7ed+LuVW6Ym8aI6DRQ9hQZdp5sj0a2usYOlqvFBNKQnLQGwmYnujo2HvjCxQ==}
    cpu: [ppc64]
    os: [linux]

  '@rollup/rollup-linux-riscv64-gnu@4.18.1':
    resolution: {integrity: sha512-f+pJih7sxoKmbjghrM2RkWo2WHUW8UbfxIQiWo5yeCaCM0TveMEuAzKJte4QskBp1TIinpnRcxkquY+4WuY/tg==}
    cpu: [riscv64]
    os: [linux]

  '@rollup/rollup-linux-s390x-gnu@4.18.1':
    resolution: {integrity: sha512-qb1hMMT3Fr/Qz1OKovCuUM11MUNLUuHeBC2DPPAWUYYUAOFWaxInaTwTQmc7Fl5La7DShTEpmYwgdt2hG+4TEg==}
    cpu: [s390x]
    os: [linux]

  '@rollup/rollup-linux-x64-gnu@4.18.1':
    resolution: {integrity: sha512-7O5u/p6oKUFYjRbZkL2FLbwsyoJAjyeXHCU3O4ndvzg2OFO2GinFPSJFGbiwFDaCFc+k7gs9CF243PwdPQFh5g==}
    cpu: [x64]
    os: [linux]

  '@rollup/rollup-linux-x64-musl@4.18.1':
    resolution: {integrity: sha512-pDLkYITdYrH/9Cv/Vlj8HppDuLMDUBmgsM0+N+xLtFd18aXgM9Nyqupb/Uw+HeidhfYg2lD6CXvz6CjoVOaKjQ==}
    cpu: [x64]
    os: [linux]

  '@rollup/rollup-win32-arm64-msvc@4.18.1':
    resolution: {integrity: sha512-W2ZNI323O/8pJdBGil1oCauuCzmVd9lDmWBBqxYZcOqWD6aWqJtVBQ1dFrF4dYpZPks6F+xCZHfzG5hYlSHZ6g==}
    cpu: [arm64]
    os: [win32]

  '@rollup/rollup-win32-ia32-msvc@4.18.1':
    resolution: {integrity: sha512-ELfEX1/+eGZYMaCIbK4jqLxO1gyTSOIlZr6pbC4SRYFaSIDVKOnZNMdoZ+ON0mrFDp4+H5MhwNC1H/AhE3zQLg==}
    cpu: [ia32]
    os: [win32]

  '@rollup/rollup-win32-x64-msvc@4.18.1':
    resolution: {integrity: sha512-yjk2MAkQmoaPYCSu35RLJ62+dz358nE83VfTePJRp8CG7aMg25mEJYpXFiD+NcevhX8LxD5OP5tktPXnXN7GDw==}
    cpu: [x64]
    os: [win32]

  '@sveltejs/adapter-static@3.0.2':
    resolution: {integrity: sha512-/EBFydZDwfwFfFEuF1vzUseBoRziwKP7AoHAwv+Ot3M084sE/HTVBHf9mCmXfdM9ijprY5YEugZjleflncX5fQ==}
    peerDependencies:
      '@sveltejs/kit': ^2.0.0

  '@sveltejs/kit@2.5.18':
    resolution: {integrity: sha512-+g06hvpVAnH7b4CDjhnTDgFWBKBiQJpuSmQeGYOuzbO3SC3tdYjRNlDCrafvDtKbGiT2uxY5Dn9qdEUGVZdWOQ==}
    engines: {node: '>=18.13'}
    hasBin: true
    peerDependencies:
      '@sveltejs/vite-plugin-svelte': ^3.0.0
      svelte: ^4.0.0 || ^5.0.0-next.0
      vite: ^5.0.3

  '@sveltejs/vite-plugin-svelte-inspector@2.1.0':
    resolution: {integrity: sha512-9QX28IymvBlSCqsCll5t0kQVxipsfhFFL+L2t3nTWfXnddYwxBuAEtTtlaVQpRz9c37BhJjltSeY4AJSC03SSg==}
    engines: {node: ^18.0.0 || >=20}
    peerDependencies:
      '@sveltejs/vite-plugin-svelte': ^3.0.0
      svelte: ^4.0.0 || ^5.0.0-next.0
      vite: ^5.0.0

  '@sveltejs/vite-plugin-svelte@3.1.1':
    resolution: {integrity: sha512-rimpFEAboBBHIlzISibg94iP09k/KYdHgVhJlcsTfn7KMBhc70jFX/GRWkRdFCc2fdnk+4+Bdfej23cMDnJS6A==}
    engines: {node: ^18.0.0 || >=20}
    peerDependencies:
      svelte: ^4.0.0 || ^5.0.0-next.0
      vite: ^5.0.0

  '@tauri-apps/api@1.6.0':
    resolution: {integrity: sha512-rqI++FWClU5I2UBp4HXFvl+sBWkdigBkxnpJDQUWttNyG7IZP4FwQGhTNL5EOw0vI8i6eSAJ5frLqO7n7jbJdg==}
    engines: {node: '>= 14.6.0', npm: '>= 6.6.0', yarn: '>= 1.19.1'}

  '@tauri-apps/cli-darwin-arm64@1.6.0':
    resolution: {integrity: sha512-SNRwUD9nqGxY47mbY1CGTt/jqyQOU7Ps7Mx/mpgahL0FVUDiCEY/5L9QfEPPhEgccgcelEVn7i6aQHIkHyUtCA==}
    engines: {node: '>= 10'}
    cpu: [arm64]
    os: [darwin]

  '@tauri-apps/cli-darwin-x64@1.6.0':
    resolution: {integrity: sha512-g2/uDR/eeH2arvuawA4WwaEOqv/7jDO/ZLNI3JlBjP5Pk8GGb3Kdy0ro1xQzF94mtk2mOnOXa4dMgAet4sUJ1A==}
    engines: {node: '>= 10'}
    cpu: [x64]
    os: [darwin]

  '@tauri-apps/cli-linux-arm-gnueabihf@1.6.0':
    resolution: {integrity: sha512-EVwf4oRkQyG8BpSrk0gqO7oA0sDM2MdNDtJpMfleYFEgCxLIOGZKNqaOW3M7U+0Y4qikmG3TtRK+ngc8Ymtrjg==}
    engines: {node: '>= 10'}
    cpu: [arm]
    os: [linux]

  '@tauri-apps/cli-linux-arm64-gnu@1.6.0':
    resolution: {integrity: sha512-YdpY17cAySrhK9dX4BUVEmhAxE2o+6skIEFg8iN/xrDwRxhaNPI9I80YXPatUTX54Kx55T5++25VJG9+3iw83A==}
    engines: {node: '>= 10'}
    cpu: [arm64]
    os: [linux]

  '@tauri-apps/cli-linux-arm64-musl@1.6.0':
    resolution: {integrity: sha512-4U628tuf2U8pMr4tIBJhEkrFwt+46dwhXrDlpdyWSZtnop5RJAVKHODm0KbWns4xGKfTW1F3r6sSv+2ZxLcISA==}
    engines: {node: '>= 10'}
    cpu: [arm64]
    os: [linux]

  '@tauri-apps/cli-linux-x64-gnu@1.6.0':
    resolution: {integrity: sha512-AKRzp76fVUaJyXj5KRJT9bJyhwZyUnRQU0RqIRqOtZCT5yr6qGP8rjtQ7YhCIzWrseBlOllc3Qvbgw3Yl0VQcA==}
    engines: {node: '>= 10'}
    cpu: [x64]
    os: [linux]

  '@tauri-apps/cli-linux-x64-musl@1.6.0':
    resolution: {integrity: sha512-0edIdq6aMBTaRMIXddHfyAFL361JqulLLd2Wi2aoOie7DkQ2MYh6gv3hA7NB9gqFwNIGE+xtJ4BkXIP2tSGPlg==}
    engines: {node: '>= 10'}
    cpu: [x64]
    os: [linux]

  '@tauri-apps/cli-win32-arm64-msvc@1.6.0':
    resolution: {integrity: sha512-QwWpWk4ubcwJ1rljsRAmINgB2AwkyzZhpYbalA+MmzyYMREcdXWGkyixWbRZgqc6fEWEBmq5UG73qz5eBJiIKg==}
    engines: {node: '>= 10'}
    cpu: [arm64]
    os: [win32]

  '@tauri-apps/cli-win32-ia32-msvc@1.6.0':
    resolution: {integrity: sha512-Vtw0yxO9+aEFuhuxQ57ALG43tjECopRimRuKGbtZYDCriB/ty5TrT3QWMdy0dxBkpDTu3Rqsz30sbDzw6tlP3Q==}
    engines: {node: '>= 10'}
    cpu: [ia32]
    os: [win32]

  '@tauri-apps/cli-win32-x64-msvc@1.6.0':
    resolution: {integrity: sha512-h54FHOvGi7+LIfRchzgZYSCHB1HDlP599vWXQQJ/XnwJY+6Rwr2E5bOe/EhqoG8rbGkfK0xX3KPAvXPbUlmggg==}
    engines: {node: '>= 10'}
    cpu: [x64]
    os: [win32]

  '@tauri-apps/cli@1.6.0':
    resolution: {integrity: sha512-DBBpBl6GhTzm8ImMbKkfaZ4fDTykWrC7Q5OXP4XqD91recmDEn2LExuvuiiS3HYe7uP8Eb5B9NPHhqJb+Zo7qQ==}
    engines: {node: '>= 10'}
    hasBin: true

  '@types/cookie@0.6.0':
    resolution: {integrity: sha512-4Kh9a6B2bQciAhf7FSuMRRkUWecJgJu9nPnx3yzpsfXX/c50REIqpHY4C82bXP90qrLtXtkDxTZosYO3UpOwlA==}

  '@types/estree@1.0.5':
    resolution: {integrity: sha512-/kYRxGDLWzHOB7q+wtSUQlFrtcdUccpfy+X+9iMBpHK8QLLhx2wIPYuS5DYtR9Wa/YlZAbIovy7qVdB1Aq6Lyw==}

  '@types/pug@2.0.10':
    resolution: {integrity: sha512-Sk/uYFOBAB7mb74XcpizmH0KOR2Pv3D2Hmrh1Dmy5BmK3MpdSa5kqZcg6EKBdklU0bFXX9gCfzvpnyUehrPIuA==}

  acorn@8.12.1:
    resolution: {integrity: sha512-tcpGyI9zbizT9JbV6oYE477V6mTlXvvi0T0G3SNIYE2apm/G5huBa1+K89VGeovbg+jycCrfhl3ADxErOuO6Jg==}
    engines: {node: '>=0.4.0'}
    hasBin: true

  anymatch@3.1.3:
    resolution: {integrity: sha512-KMReFUr0B4t+D+OBkjR3KYqvocp2XaSzO55UcB6mgQMd3KbcE+mWTyvVV7D/zsdEbNnV6acZUutkiHQXvTr1Rw==}
    engines: {node: '>= 8'}

  aria-query@5.3.0:
    resolution: {integrity: sha512-b0P0sZPKtyu8HkeRAfCq0IfURZK+SuwMjY1UXGBU27wpAiTwQAIlq56IbIO+ytk/JjS1fMR14ee5WBBfKi5J6A==}

  axobject-query@4.0.0:
    resolution: {integrity: sha512-+60uv1hiVFhHZeO+Lz0RYzsVHy5Wr1ayX0mwda9KPDVLNJgZ1T9Ny7VmFbLDzxsH0D87I86vgj3gFrjTJUYznw==}

  balanced-match@1.0.2:
    resolution: {integrity: sha512-3oSeUO0TMV67hN1AmbXsK4yaqU7tjiHlbxRDZOpH0KW9+CeX4bRAaX0Anxt0tx2MrpRpWwQaPwIlISEJhYU5Pw==}

  binary-extensions@2.3.0:
    resolution: {integrity: sha512-Ceh+7ox5qe7LJuLHoY0feh3pHuUDHAcRUeyL2VYghZwfpkNIy/+8Ocg0a3UuSoYzavmylwuLWQOf3hl0jjMMIw==}
    engines: {node: '>=8'}

  brace-expansion@1.1.11:
    resolution: {integrity: sha512-iCuPHDFgrHX7H2vEI/5xpz07zSHB00TpugqhmYtVmMO6518mCuRMoOYFldEBl0g187ufozdaHgWKcYFb61qGiA==}

  braces@3.0.3:
    resolution: {integrity: sha512-yQbXgO/OSZVD2IsiLlro+7Hf6Q18EJrKSEsdoMzKePKXct3gvD8oLcOQdIzGupr5Fj+EDe8gO/lxc1BzfMpxvA==}
    engines: {node: '>=8'}

  buffer-crc32@1.0.0:
    resolution: {integrity: sha512-Db1SbgBS/fg/392AblrMJk97KggmvYhr4pB5ZIMTWtaivCPMWLkmb7m21cJvpvgK+J3nsU2CmmixNBZx4vFj/w==}
    engines: {node: '>=8.0.0'}

  chokidar@3.6.0:
    resolution: {integrity: sha512-7VT13fmjotKpGipCW9JEQAusEPE+Ei8nl6/g4FBAmIm0GOOLMua9NDDo/DWp0ZAxCr3cPq5ZpBqmPAQgDda2Pw==}
    engines: {node: '>= 8.10.0'}

  code-red@1.0.4:
    resolution: {integrity: sha512-7qJWqItLA8/VPVlKJlFXU+NBlo/qyfs39aJcuMT/2ere32ZqvF5OSxgdM5xOfJJ7O429gg2HM47y8v9P+9wrNw==}

  concat-map@0.0.1:
    resolution: {integrity: sha512-/Srv4dswyQNBfohGpz9o6Yb3Gz3SrUDqBH5rTuhGR7ahtlbYKnVxw2bCFMRljaA7EXHaXZ8wsHdodFvbkhKmqg==}

  cookie@0.6.0:
    resolution: {integrity: sha512-U71cyTamuh1CRNCfpGY6to28lxvNwPG4Guz/EVjgf3Jmzv0vlDp1atT9eS5dDjMYHucpHbWns6Lwf3BKz6svdw==}
    engines: {node: '>= 0.6'}

  css-tree@2.3.1:
    resolution: {integrity: sha512-6Fv1DV/TYw//QF5IzQdqsNDjx/wc8TrMBZsqjL9eW01tWb7R7k/mq+/VXfJCl7SoD5emsJop9cOByJZfs8hYIw==}
    engines: {node: ^10 || ^12.20.0 || ^14.13.0 || >=15.0.0}

  debug@4.3.5:
    resolution: {integrity: sha512-pt0bNEmneDIvdL1Xsd9oDQ/wrQRkXDT4AUWlNZNPKvW5x/jyO9VFXkJUP07vQ2upmw5PlaITaPKc31jK13V+jg==}
    engines: {node: '>=6.0'}
    peerDependencies:
      supports-color: '*'
    peerDependenciesMeta:
      supports-color:
        optional: true

  deepmerge@4.3.1:
    resolution: {integrity: sha512-3sUqbMEc77XqpdNO7FRyRog+eW3ph+GYCbj+rK+uYyRMuwsVy0rMiVtPn+QJlKFvWP/1PYpapqYn0Me2knFn+A==}
    engines: {node: '>=0.10.0'}

  dequal@2.0.3:
    resolution: {integrity: sha512-0je+qPKHEMohvfRTCEo3CrPG6cAzAYgmzKyxRiYSSDkS6eGJdyVJm7WaYA5ECaAD9wLB2T4EEeymA5aFVcYXCA==}
    engines: {node: '>=6'}

  detect-indent@6.1.0:
    resolution: {integrity: sha512-reYkTUJAZb9gUuZ2RvVCNhVHdg62RHnJ7WJl8ftMi4diZ6NWlciOzQN88pUhSELEwflJht4oQDv0F0BMlwaYtA==}
    engines: {node: '>=8'}

  devalue@5.0.0:
    resolution: {integrity: sha512-gO+/OMXF7488D+u3ue+G7Y4AA3ZmUnB3eHJXmBTgNHvr4ZNzl36A0ZtG+XCRNYCkYx/bFmw4qtkoFLa+wSrwAA==}

  es6-promise@3.3.1:
    resolution: {integrity: sha512-SOp9Phqvqn7jtEUxPWdWfWoLmyt2VaJ6MpvP9Comy1MceMXqE6bxvaTu4iaxpYYPzhny28Lc+M87/c2cPK6lDg==}

  esbuild@0.21.5:
    resolution: {integrity: sha512-mg3OPMV4hXywwpoDxu3Qda5xCKQi+vCTZq8S9J/EpkhB2HzKXq4SNFZE3+NK93JYxc8VMSep+lOUSC/RVKaBqw==}
    engines: {node: '>=12'}
    hasBin: true

  esm-env@1.0.0:
    resolution: {integrity: sha512-Cf6VksWPsTuW01vU9Mk/3vRue91Zevka5SjyNf3nEpokFRuqt/KjUQoGAwq9qMmhpLTHmXzSIrFRw8zxWzmFBA==}

  estree-walker@3.0.3:
    resolution: {integrity: sha512-7RUKfXgSMMkzt6ZuXmqapOurLGPPfgj6l9uRZ7lRGolvk0y2yocc35LdcxKC5PQZdn2DMqioAQ2NoWcrTKmm6g==}

  fill-range@7.1.1:
    resolution: {integrity: sha512-YsGpe3WHLK8ZYi4tWDg2Jy3ebRz2rXowDxnld4bkQB00cc/1Zw9AWnC0i9ztDJitivtQvaI9KaLyKrc+hBW0yg==}
    engines: {node: '>=8'}

  fs.realpath@1.0.0:
    resolution: {integrity: sha512-OO0pH2lK6a0hZnAdau5ItzHPI6pUlvI7jMVnxUQRtw4owF2wk8lOSabtGDCTP4Ggrg2MbGnWO9X8K1t4+fGMDw==}

  fsevents@2.3.3:
    resolution: {integrity: sha512-5xoDfX+fL7faATnagmWPpbFtwh/R77WmMMqqHGS65C3vvB0YHrgF+B1YmZ3441tMj5n63k0212XNoJwzlhffQw==}
    engines: {node: ^8.16.0 || ^10.6.0 || >=11.0.0}
    os: [darwin]

  glob-parent@5.1.2:
    resolution: {integrity: sha512-AOIgSQCepiJYwP3ARnGx+5VnTu2HBYdzbGP45eLw1vr3zB3vZLeyed1sC9hnbcOc9/SrMyM5RPQrkGz4aS9Zow==}
    engines: {node: '>= 6'}

  glob@7.2.3:
    resolution: {integrity: sha512-nFR0zLpU2YCaRxwoCJvL6UvCH2JFyFVIvwTLsIf21AuHlMskA1hhTdk+LlYJtOlYt9v6dvszD2BGRqBL+iQK9Q==}
    deprecated: Glob versions prior to v9 are no longer supported

  globalyzer@0.1.0:
    resolution: {integrity: sha512-40oNTM9UfG6aBmuKxk/giHn5nQ8RVz/SS4Ir6zgzOv9/qC3kKZ9v4etGTcJbEl/NyVQH7FGU7d+X1egr57Md2Q==}

  globrex@0.1.2:
    resolution: {integrity: sha512-uHJgbwAMwNFf5mLst7IWLNg14x1CkeqglJb/K3doi4dw6q2IvAAmM/Y81kevy83wP+Sst+nutFTYOGg3d1lsxg==}

  graceful-fs@4.2.11:
    resolution: {integrity: sha512-RbJ5/jmFcNNCcDV5o9eTnBLJ/HszWV0P73bc+Ff4nS/rJj+YaS6IGyiOL0VoBYX+l1Wrl3k63h/KrH+nhJ0XvQ==}

  import-meta-resolve@4.1.0:
    resolution: {integrity: sha512-I6fiaX09Xivtk+THaMfAwnA3MVA5Big1WHF1Dfx9hFuvNIWpXnorlkzhcQf6ehrqQiiZECRt1poOAkPmer3ruw==}

  inflight@1.0.6:
    resolution: {integrity: sha512-k92I/b08q4wvFscXCLvqfsHCrjrF7yiXsQuIVvVE7N82W3+aqpzuUdBbfhWcy/FZR3/4IgflMgKLOsvPDrGCJA==}
    deprecated: This module is not supported, and leaks memory. Do not use it. Check out lru-cache if you want a good and tested way to coalesce async requests by a key value, which is much more comprehensive and powerful.

  inherits@2.0.4:
    resolution: {integrity: sha512-k/vGaX4/Yla3WzyMCvTQOXYeIHvqOKtnqBduzTHpzpQZzAskKMhZ2K+EnBiSM9zGSoIFeMpXKxa4dYeZIQqewQ==}

  is-binary-path@2.1.0:
    resolution: {integrity: sha512-ZMERYes6pDydyuGidse7OsHxtbI7WVeUEozgR/g7rd0xUimYNlvZRE/K2MgZTjWy725IfelLeVcEM97mmtRGXw==}
    engines: {node: '>=8'}

  is-extglob@2.1.1:
    resolution: {integrity: sha512-SbKbANkN603Vi4jEZv49LeVJMn4yGwsbzZworEoyEiutsN3nJYdbO36zfhGJ6QEDpOZIFkDtnq5JRxmvl3jsoQ==}
    engines: {node: '>=0.10.0'}

  is-glob@4.0.3:
    resolution: {integrity: sha512-xelSayHH36ZgE7ZWhli7pW34hNbNl8Ojv5KVmkJD4hBdD3th8Tfk9vYasLM+mXWOZhFkgZfxhLSnrwRr4elSSg==}
    engines: {node: '>=0.10.0'}

  is-number@7.0.0:
    resolution: {integrity: sha512-41Cifkg6e8TylSpdtTpeLVMqvSBEVzTttHvERD741+pnZ8ANv0004MRL43QKPDlK9cGvNp6NZWZUBlbGXYxxng==}
    engines: {node: '>=0.12.0'}

  is-reference@3.0.2:
    resolution: {integrity: sha512-v3rht/LgVcsdZa3O2Nqs+NMowLOxeOm7Ay9+/ARQ2F+qEoANRcqrjAZKGN0v8ymUetZGgkp26LTnGT7H0Qo9Pg==}

  kleur@4.1.5:
    resolution: {integrity: sha512-o+NO+8WrRiQEE4/7nwRJhN1HWpVmJm511pBHUxPLtp0BUISzlBplORYSmTclCnJvQq2tKu/sgl3xVpkc7ZWuQQ==}
    engines: {node: '>=6'}

  locate-character@3.0.0:
    resolution: {integrity: sha512-SW13ws7BjaeJ6p7Q6CO2nchbYEc3X3J6WrmTTDto7yMPqVSZTUyY5Tjbid+Ab8gLnATtygYtiDIJGQRRn2ZOiA==}

  magic-string@0.30.10:
    resolution: {integrity: sha512-iIRwTIf0QKV3UAnYK4PU8uiEc4SRh5jX0mwpIwETPpHdhVM4f53RSwS/vXvN1JhGX+Cs7B8qIq3d6AH49O5fAQ==}

  mdn-data@2.0.30:
    resolution: {integrity: sha512-GaqWWShW4kv/G9IEucWScBx9G1/vsFZZJUO+tD26M8J8z3Kw5RDQjaoZe03YAClgeS/SWPOcb4nkFBTEi5DUEA==}

  min-indent@1.0.1:
    resolution: {integrity: sha512-I9jwMn07Sy/IwOj3zVkVik2JTvgpaykDZEigL6Rx6N9LbMywwUSMtxET+7lVoDLLd3O3IXwJwvuuns8UB/HeAg==}
    engines: {node: '>=4'}

  minimatch@3.1.2:
    resolution: {integrity: sha512-J7p63hRiAjw1NDEww1W7i37+ByIrOWO5XQQAzZ3VOcL0PNybwpfmV/N05zFAzwQ9USyEcX6t3UO+K5aqBQOIHw==}

  minimist@1.2.8:
    resolution: {integrity: sha512-2yyAR8qBkN3YuheJanUpWC5U3bb5osDywNB8RzDVlDwDHbocAJveqqj1u8+SVD7jkWT4yvsHCpWqqWqAxb0zCA==}

  mkdirp@0.5.6:
    resolution: {integrity: sha512-FP+p8RB8OWpF3YZBCrP5gtADmtXApB5AMLn+vdyA+PyxCjrCs00mjyUozssO33cwDeT3wNGdLxJ5M//YqtHAJw==}
    hasBin: true

  mri@1.2.0:
    resolution: {integrity: sha512-tzzskb3bG8LvYGFF/mDTpq3jpI6Q9wc3LEmBaghu+DdCssd1FakN7Bc0hVNmEyGq1bq3RgfkCb3cmQLpNPOroA==}
    engines: {node: '>=4'}

  mrmime@2.0.0:
    resolution: {integrity: sha512-eu38+hdgojoyq63s+yTpN4XMBdt5l8HhMhc4VKLO9KM5caLIBvUm4thi7fFaxyTmCKeNnXZ5pAlBwCUnhA09uw==}
    engines: {node: '>=10'}

  ms@2.1.2:
    resolution: {integrity: sha512-sGkPx+VjMtmA6MX27oA4FBFELFCZZ4S4XqeGOXCv68tT+jb3vk/RyaKWP0PTKyWtmLSM0b+adUTEvbs1PEaH2w==}

  nanoid@3.3.7:
    resolution: {integrity: sha512-eSRppjcPIatRIMC1U6UngP8XFcz8MQWGQdt1MTBQ7NaAmvXDfvNxbvWV3x2y6CdEUciCSsDHDQZbhYaB8QEo2g==}
    engines: {node: ^10 || ^12 || ^13.7 || ^14 || >=15.0.1}
    hasBin: true

  normalize-path@3.0.0:
    resolution: {integrity: sha512-6eZs5Ls3WtCisHWp9S2GUy8dqkpGi4BVSz3GaqiE6ezub0512ESztXUwUB6C6IKbQkY2Pnb/mD4WYojCRwcwLA==}
    engines: {node: '>=0.10.0'}

  once@1.4.0:
    resolution: {integrity: sha512-lNaJgI+2Q5URQBkccEKHTQOPaXdUxnZZElQTZY0MFUAuaEqe1E+Nyvgdz/aIyNi6Z9MzO5dv1H8n58/GELp3+w==}

  path-is-absolute@1.0.1:
    resolution: {integrity: sha512-AVbw3UJ2e9bq64vSaS9Am0fje1Pa8pbGqTTsmXfaIiMpnr5DlDhfJOuLj9Sf95ZPVDAUerDfEk88MPmPe7UCQg==}
    engines: {node: '>=0.10.0'}

  periscopic@3.1.0:
    resolution: {integrity: sha512-vKiQ8RRtkl9P+r/+oefh25C3fhybptkHKCZSPlcXiJux2tJF55GnEj3BVn4A5gKfq9NWWXXrxkHBwVPUfH0opw==}

  picocolors@1.0.1:
    resolution: {integrity: sha512-anP1Z8qwhkbmu7MFP5iTt+wQKXgwzf7zTyGlcdzabySa9vd0Xt392U0rVmz9poOaBj0uHJKyyo9/upk0HrEQew==}

  picomatch@2.3.1:
    resolution: {integrity: sha512-JU3teHTNjmE2VCGFzuY8EXzCDVwEqB2a8fsIvwaStHhAWJEeVd1o1QD80CU6+ZdEXXSLbSsuLwJjkCBWqRQUVA==}
    engines: {node: '>=8.6'}

  postcss@8.4.39:
    resolution: {integrity: sha512-0vzE+lAiG7hZl1/9I8yzKLx3aR9Xbof3fBHKunvMfOCYAtMhrsnccJY2iTURb9EZd5+pLuiNV9/c/GZJOHsgIw==}
    engines: {node: ^10 || ^12 || >=14}

  readdirp@3.6.0:
    resolution: {integrity: sha512-hOS089on8RduqdbhvQ5Z37A0ESjsqz6qnRcffsMU3495FuTdqSm+7bhJ29JvIOsBDEEnan5DPu9t3To9VRlMzA==}
    engines: {node: '>=8.10.0'}

  rimraf@2.7.1:
    resolution: {integrity: sha512-uWjbaKIK3T1OSVptzX7Nl6PvQ3qAGtKEtVRjRuazjfL3Bx5eI409VZSqgND+4UNnmzLVdPj9FqFJNPqBZFve4w==}
    deprecated: Rimraf versions prior to v4 are no longer supported
    hasBin: true

  rollup@4.18.1:
    resolution: {integrity: sha512-Elx2UT8lzxxOXMpy5HWQGZqkrQOtrVDDa/bm9l10+U4rQnVzbL/LgZ4NOM1MPIDyHk69W4InuYDF5dzRh4Kw1A==}
    engines: {node: '>=18.0.0', npm: '>=8.0.0'}
    hasBin: true

  sade@1.8.1:
    resolution: {integrity: sha512-xal3CZX1Xlo/k4ApwCFrHVACi9fBqJ7V+mwhBsuf/1IOKbBy098Fex+Wa/5QMubw09pSZ/u8EY8PWgevJsXp1A==}
    engines: {node: '>=6'}

  sander@0.5.1:
    resolution: {integrity: sha512-3lVqBir7WuKDHGrKRDn/1Ye3kwpXaDOMsiRP1wd6wpZW56gJhsbp5RqQpA6JG/P+pkXizygnr1dKR8vzWaVsfA==}

  set-cookie-parser@2.6.0:
    resolution: {integrity: sha512-RVnVQxTXuerk653XfuliOxBP81Sf0+qfQE73LIYKcyMYHG94AuH0kgrQpRDuTZnSmjpysHmzxJXKNfa6PjFhyQ==}

  sirv@2.0.4:
    resolution: {integrity: sha512-94Bdh3cC2PKrbgSOUqTiGPWVZeSiXfKOVZNJniWoqrWrRkB1CJzBU3NEbiTsPcYy1lDsANA/THzS+9WBiy5nfQ==}
    engines: {node: '>= 10'}

  sorcery@0.11.1:
    resolution: {integrity: sha512-o7npfeJE6wi6J9l0/5LKshFzZ2rMatRiCDwYeDQaOzqdzRJwALhX7mk/A/ecg6wjMu7wdZbmXfD2S/vpOg0bdQ==}
    hasBin: true

  source-map-js@1.2.0:
    resolution: {integrity: sha512-itJW8lvSA0TXEphiRoawsCksnlf8SyvmFzIhltqAHluXd88pkCd+cXJVHTDwdCr0IzwptSm035IHQktUu1QUMg==}
    engines: {node: '>=0.10.0'}

  strip-indent@3.0.0:
    resolution: {integrity: sha512-laJTa3Jb+VQpaC6DseHhF7dXVqHTfJPCRDaEbid/drOhgitgYku/letMUqOXFoWV0zIIUbjpdH2t+tYj4bQMRQ==}
    engines: {node: '>=8'}

  svelte-check@3.8.4:
    resolution: {integrity: sha512-61aHMkdinWyH8BkkTX9jPLYxYzaAAz/FK/VQqdr2FiCQQ/q04WCwDlpGbHff1GdrMYTmW8chlTFvRWL9k0A8vg==}
    hasBin: true
    peerDependencies:
      svelte: ^3.55.0 || ^4.0.0-next.0 || ^4.0.0 || ^5.0.0-next.0

  svelte-hmr@0.16.0:
    resolution: {integrity: sha512-Gyc7cOS3VJzLlfj7wKS0ZnzDVdv3Pn2IuVeJPk9m2skfhcu5bq3wtIZyQGggr7/Iim5rH5cncyQft/kRLupcnA==}
    engines: {node: ^12.20 || ^14.13.1 || >= 16}
    peerDependencies:
      svelte: ^3.19.0 || ^4.0.0

  svelte-preprocess@5.1.4:
    resolution: {integrity: sha512-IvnbQ6D6Ao3Gg6ftiM5tdbR6aAETwjhHV+UKGf5bHGYR69RQvF1ho0JKPcbUON4vy4R7zom13jPjgdOWCQ5hDA==}
    engines: {node: '>= 16.0.0'}
    peerDependencies:
      '@babel/core': ^7.10.2
      coffeescript: ^2.5.1
      less: ^3.11.3 || ^4.0.0
      postcss: ^7 || ^8
      postcss-load-config: ^2.1.0 || ^3.0.0 || ^4.0.0 || ^5.0.0
      pug: ^3.0.0
      sass: ^1.26.8
      stylus: ^0.55.0
      sugarss: ^2.0.0 || ^3.0.0 || ^4.0.0
      svelte: ^3.23.0 || ^4.0.0-next.0 || ^4.0.0 || ^5.0.0-next.0
      typescript: '>=3.9.5 || ^4.0.0 || ^5.0.0'
    peerDependenciesMeta:
      '@babel/core':
        optional: true
      coffeescript:
        optional: true
      less:
        optional: true
      postcss:
        optional: true
      postcss-load-config:
        optional: true
      pug:
        optional: true
      sass:
        optional: true
      stylus:
        optional: true
      sugarss:
        optional: true
      typescript:
        optional: true

  svelte@4.2.18:
    resolution: {integrity: sha512-d0FdzYIiAePqRJEb90WlJDkjUEx42xhivxN8muUBmfZnP+tzUgz12DJ2hRJi8sIHCME7jeK1PTMgKPSfTd8JrA==}
    engines: {node: '>=16'}

  tiny-glob@0.2.9:
    resolution: {integrity: sha512-g/55ssRPUjShh+xkfx9UPDXqhckHEsHr4Vd9zX55oSdGZc/MD0m3sferOkwWtp98bv+kcVfEHtRJgBVJzelrzg==}

  to-regex-range@5.0.1:
    resolution: {integrity: sha512-65P7iz6X5yEr1cwcgvQxbbIw7Uk3gOy5dIdtZ4rDveLqhrdJP+Li/Hx6tyK0NEb+2GCyneCMJiGqrADCSNk8sQ==}
    engines: {node: '>=8.0'}

  totalist@3.0.1:
    resolution: {integrity: sha512-sf4i37nQ2LBx4m3wB74y+ubopq6W/dIzXg0FDGjsYnZHVa1Da8FH853wlL2gtUhg+xJXjfk3kUZS3BRoQeoQBQ==}
    engines: {node: '>=6'}

  tslib@2.6.3:
    resolution: {integrity: sha512-xNvxJEOUiWPGhUuUdQgAJPKOOJfGnIyKySOc09XkKsgdUV/3E2zvwZYdejjmRgPCgcym1juLH3226yA7sEFJKQ==}

  typescript@5.5.3:
    resolution: {integrity: sha512-/hreyEujaB0w76zKo6717l3L0o/qEUtRgdvUBvlkhoWeOVMjMuHNHk0BRBzikzuGDqNmPQbg5ifMEqsHLiIUcQ==}
    engines: {node: '>=14.17'}
    hasBin: true

  vite@5.3.3:
    resolution: {integrity: sha512-NPQdeCU0Dv2z5fu+ULotpuq5yfCS1BzKUIPhNbP3YBfAMGJXbt2nS+sbTFu+qchaqWTD+H3JK++nRwr6XIcp6A==}
    engines: {node: ^18.0.0 || >=20.0.0}
    hasBin: true
    peerDependencies:
      '@types/node': ^18.0.0 || >=20.0.0
      less: '*'
      lightningcss: ^1.21.0
      sass: '*'
      stylus: '*'
      sugarss: '*'
      terser: ^5.4.0
    peerDependenciesMeta:
      '@types/node':
        optional: true
      less:
        optional: true
      lightningcss:
        optional: true
      sass:
        optional: true
      stylus:
        optional: true
      sugarss:
        optional: true
      terser:
        optional: true

  vitefu@0.2.5:
    resolution: {integrity: sha512-SgHtMLoqaeeGnd2evZ849ZbACbnwQCIwRH57t18FxcXoZop0uQu0uzlIhJBlF/eWVzuce0sHeqPcDo+evVcg8Q==}
    peerDependencies:
      vite: ^3.0.0 || ^4.0.0 || ^5.0.0
    peerDependenciesMeta:
      vite:
        optional: true

  wrappy@1.0.2:
    resolution: {integrity: sha512-l4Sp/DRseor9wL6EvV2+TuQn63dMkPjZ/sp9XkghTEbV9KlPS1xUsZ3u7/IQO4wxtcFB4bgpQPRcR3QCvezPcQ==}

snapshots:

  '@ampproject/remapping@2.3.0':
    dependencies:
      '@jridgewell/gen-mapping': 0.3.5
      '@jridgewell/trace-mapping': 0.3.25

  '@esbuild/aix-ppc64@0.21.5':
    optional: true

  '@esbuild/android-arm64@0.21.5':
    optional: true

  '@esbuild/android-arm@0.21.5':
    optional: true

  '@esbuild/android-x64@0.21.5':
    optional: true

  '@esbuild/darwin-arm64@0.21.5':
    optional: true

  '@esbuild/darwin-x64@0.21.5':
    optional: true

  '@esbuild/freebsd-arm64@0.21.5':
    optional: true

  '@esbuild/freebsd-x64@0.21.5':
    optional: true

  '@esbuild/linux-arm64@0.21.5':
    optional: true

  '@esbuild/linux-arm@0.21.5':
    optional: true

  '@esbuild/linux-ia32@0.21.5':
    optional: true

  '@esbuild/linux-loong64@0.21.5':
    optional: true

  '@esbuild/linux-mips64el@0.21.5':
    optional: true

  '@esbuild/linux-ppc64@0.21.5':
    optional: true

  '@esbuild/linux-riscv64@0.21.5':
    optional: true

  '@esbuild/linux-s390x@0.21.5':
    optional: true

  '@esbuild/linux-x64@0.21.5':
    optional: true

  '@esbuild/netbsd-x64@0.21.5':
    optional: true

  '@esbuild/openbsd-x64@0.21.5':
    optional: true

  '@esbuild/sunos-x64@0.21.5':
    optional: true

  '@esbuild/win32-arm64@0.21.5':
    optional: true

  '@esbuild/win32-ia32@0.21.5':
    optional: true

  '@esbuild/win32-x64@0.21.5':
    optional: true

  '@jridgewell/gen-mapping@0.3.5':
    dependencies:
      '@jridgewell/set-array': 1.2.1
      '@jridgewell/sourcemap-codec': 1.4.15
      '@jridgewell/trace-mapping': 0.3.25

  '@jridgewell/resolve-uri@3.1.2': {}

  '@jridgewell/set-array@1.2.1': {}

  '@jridgewell/sourcemap-codec@1.4.15': {}

  '@jridgewell/trace-mapping@0.3.25':
    dependencies:
      '@jridgewell/resolve-uri': 3.1.2
      '@jridgewell/sourcemap-codec': 1.4.15

  '@polka/url@1.0.0-next.25': {}

  '@rollup/rollup-android-arm-eabi@4.18.1':
    optional: true

  '@rollup/rollup-android-arm64@4.18.1':
    optional: true

  '@rollup/rollup-darwin-arm64@4.18.1':
    optional: true

  '@rollup/rollup-darwin-x64@4.18.1':
    optional: true

  '@rollup/rollup-linux-arm-gnueabihf@4.18.1':
    optional: true

  '@rollup/rollup-linux-arm-musleabihf@4.18.1':
    optional: true

  '@rollup/rollup-linux-arm64-gnu@4.18.1':
    optional: true

  '@rollup/rollup-linux-arm64-musl@4.18.1':
    optional: true

  '@rollup/rollup-linux-powerpc64le-gnu@4.18.1':
    optional: true

  '@rollup/rollup-linux-riscv64-gnu@4.18.1':
    optional: true

  '@rollup/rollup-linux-s390x-gnu@4.18.1':
    optional: true

  '@rollup/rollup-linux-x64-gnu@4.18.1':
    optional: true

  '@rollup/rollup-linux-x64-musl@4.18.1':
    optional: true

  '@rollup/rollup-win32-arm64-msvc@4.18.1':
    optional: true

  '@rollup/rollup-win32-ia32-msvc@4.18.1':
    optional: true

  '@rollup/rollup-win32-x64-msvc@4.18.1':
    optional: true

  '@sveltejs/adapter-static@3.0.2(@sveltejs/kit@2.5.18(@sveltejs/vite-plugin-svelte@3.1.1(svelte@4.2.18)(vite@5.3.3))(svelte@4.2.18)(vite@5.3.3))':
    dependencies:
      '@sveltejs/kit': 2.5.18(@sveltejs/vite-plugin-svelte@3.1.1(svelte@4.2.18)(vite@5.3.3))(svelte@4.2.18)(vite@5.3.3)

  '@sveltejs/kit@2.5.18(@sveltejs/vite-plugin-svelte@3.1.1(svelte@4.2.18)(vite@5.3.3))(svelte@4.2.18)(vite@5.3.3)':
    dependencies:
      '@sveltejs/vite-plugin-svelte': 3.1.1(svelte@4.2.18)(vite@5.3.3)
      '@types/cookie': 0.6.0
      cookie: 0.6.0
      devalue: 5.0.0
      esm-env: 1.0.0
      import-meta-resolve: 4.1.0
      kleur: 4.1.5
      magic-string: 0.30.10
      mrmime: 2.0.0
      sade: 1.8.1
      set-cookie-parser: 2.6.0
      sirv: 2.0.4
      svelte: 4.2.18
      tiny-glob: 0.2.9
      vite: 5.3.3

  '@sveltejs/vite-plugin-svelte-inspector@2.1.0(@sveltejs/vite-plugin-svelte@3.1.1(svelte@4.2.18)(vite@5.3.3))(svelte@4.2.18)(vite@5.3.3)':
    dependencies:
      '@sveltejs/vite-plugin-svelte': 3.1.1(svelte@4.2.18)(vite@5.3.3)
      debug: 4.3.5
      svelte: 4.2.18
      vite: 5.3.3
    transitivePeerDependencies:
      - supports-color

  '@sveltejs/vite-plugin-svelte@3.1.1(svelte@4.2.18)(vite@5.3.3)':
    dependencies:
      '@sveltejs/vite-plugin-svelte-inspector': 2.1.0(@sveltejs/vite-plugin-svelte@3.1.1(svelte@4.2.18)(vite@5.3.3))(svelte@4.2.18)(vite@5.3.3)
      debug: 4.3.5
      deepmerge: 4.3.1
      kleur: 4.1.5
      magic-string: 0.30.10
      svelte: 4.2.18
      svelte-hmr: 0.16.0(svelte@4.2.18)
      vite: 5.3.3
      vitefu: 0.2.5(vite@5.3.3)
    transitivePeerDependencies:
      - supports-color

  '@tauri-apps/api@1.6.0': {}

  '@tauri-apps/cli-darwin-arm64@1.6.0':
    optional: true

  '@tauri-apps/cli-darwin-x64@1.6.0':
    optional: true

  '@tauri-apps/cli-linux-arm-gnueabihf@1.6.0':
    optional: true

  '@tauri-apps/cli-linux-arm64-gnu@1.6.0':
    optional: true

  '@tauri-apps/cli-linux-arm64-musl@1.6.0':
    optional: true

  '@tauri-apps/cli-linux-x64-gnu@1.6.0':
    optional: true

  '@tauri-apps/cli-linux-x64-musl@1.6.0':
    optional: true

  '@tauri-apps/cli-win32-arm64-msvc@1.6.0':
    optional: true

  '@tauri-apps/cli-win32-ia32-msvc@1.6.0':
    optional: true

  '@tauri-apps/cli-win32-x64-msvc@1.6.0':
    optional: true

  '@tauri-apps/cli@1.6.0':
    optionalDependencies:
      '@tauri-apps/cli-darwin-arm64': 1.6.0
      '@tauri-apps/cli-darwin-x64': 1.6.0
      '@tauri-apps/cli-linux-arm-gnueabihf': 1.6.0
      '@tauri-apps/cli-linux-arm64-gnu': 1.6.0
      '@tauri-apps/cli-linux-arm64-musl': 1.6.0
      '@tauri-apps/cli-linux-x64-gnu': 1.6.0
      '@tauri-apps/cli-linux-x64-musl': 1.6.0
      '@tauri-apps/cli-win32-arm64-msvc': 1.6.0
      '@tauri-apps/cli-win32-ia32-msvc': 1.6.0
      '@tauri-apps/cli-win32-x64-msvc': 1.6.0

  '@types/cookie@0.6.0': {}

  '@types/estree@1.0.5': {}

  '@types/pug@2.0.10': {}

  acorn@8.12.1: {}

  anymatch@3.1.3:
    dependencies:
      normalize-path: 3.0.0
      picomatch: 2.3.1

  aria-query@5.3.0:
    dependencies:
      dequal: 2.0.3

  axobject-query@4.0.0:
    dependencies:
      dequal: 2.0.3

  balanced-match@1.0.2: {}

  binary-extensions@2.3.0: {}

  brace-expansion@1.1.11:
    dependencies:
      balanced-match: 1.0.2
      concat-map: 0.0.1

  braces@3.0.3:
    dependencies:
      fill-range: 7.1.1

  buffer-crc32@1.0.0: {}

  chokidar@3.6.0:
    dependencies:
      anymatch: 3.1.3
      braces: 3.0.3
      glob-parent: 5.1.2
      is-binary-path: 2.1.0
      is-glob: 4.0.3
      normalize-path: 3.0.0
      readdirp: 3.6.0
    optionalDependencies:
      fsevents: 2.3.3

  code-red@1.0.4:
    dependencies:
      '@jridgewell/sourcemap-codec': 1.4.15
      '@types/estree': 1.0.5
      acorn: 8.12.1
      estree-walker: 3.0.3
      periscopic: 3.1.0

  concat-map@0.0.1: {}

  cookie@0.6.0: {}

  css-tree@2.3.1:
    dependencies:
      mdn-data: 2.0.30
      source-map-js: 1.2.0

  debug@4.3.5:
    dependencies:
      ms: 2.1.2

  deepmerge@4.3.1: {}

  dequal@2.0.3: {}

  detect-indent@6.1.0: {}

  devalue@5.0.0: {}

  es6-promise@3.3.1: {}

  esbuild@0.21.5:
    optionalDependencies:
      '@esbuild/aix-ppc64': 0.21.5
      '@esbuild/android-arm': 0.21.5
      '@esbuild/android-arm64': 0.21.5
      '@esbuild/android-x64': 0.21.5
      '@esbuild/darwin-arm64': 0.21.5
      '@esbuild/darwin-x64': 0.21.5
      '@esbuild/freebsd-arm64': 0.21.5
      '@esbuild/freebsd-x64': 0.21.5
      '@esbuild/linux-arm': 0.21.5
      '@esbuild/linux-arm64': 0.21.5
      '@esbuild/linux-ia32': 0.21.5
      '@esbuild/linux-loong64': 0.21.5
      '@esbuild/linux-mips64el': 0.21.5
      '@esbuild/linux-ppc64': 0.21.5
      '@esbuild/linux-riscv64': 0.21.5
      '@esbuild/linux-s390x': 0.21.5
      '@esbuild/linux-x64': 0.21.5
      '@esbuild/netbsd-x64': 0.21.5
      '@esbuild/openbsd-x64': 0.21.5
      '@esbuild/sunos-x64': 0.21.5
      '@esbuild/win32-arm64': 0.21.5
      '@esbuild/win32-ia32': 0.21.5
      '@esbuild/win32-x64': 0.21.5

  esm-env@1.0.0: {}

  estree-walker@3.0.3:
    dependencies:
      '@types/estree': 1.0.5

  fill-range@7.1.1:
    dependencies:
      to-regex-range: 5.0.1

  fs.realpath@1.0.0: {}

  fsevents@2.3.3:
    optional: true

  glob-parent@5.1.2:
    dependencies:
      is-glob: 4.0.3

  glob@7.2.3:
    dependencies:
      fs.realpath: 1.0.0
      inflight: 1.0.6
      inherits: 2.0.4
      minimatch: 3.1.2
      once: 1.4.0
      path-is-absolute: 1.0.1

  globalyzer@0.1.0: {}

  globrex@0.1.2: {}

  graceful-fs@4.2.11: {}

  import-meta-resolve@4.1.0: {}

  inflight@1.0.6:
    dependencies:
      once: 1.4.0
      wrappy: 1.0.2

  inherits@2.0.4: {}

  is-binary-path@2.1.0:
    dependencies:
      binary-extensions: 2.3.0

  is-extglob@2.1.1: {}

  is-glob@4.0.3:
    dependencies:
      is-extglob: 2.1.1

  is-number@7.0.0: {}

  is-reference@3.0.2:
    dependencies:
      '@types/estree': 1.0.5

  kleur@4.1.5: {}

  locate-character@3.0.0: {}

  magic-string@0.30.10:
    dependencies:
      '@jridgewell/sourcemap-codec': 1.4.15

  mdn-data@2.0.30: {}

  min-indent@1.0.1: {}

  minimatch@3.1.2:
    dependencies:
      brace-expansion: 1.1.11

  minimist@1.2.8: {}

  mkdirp@0.5.6:
    dependencies:
      minimist: 1.2.8

  mri@1.2.0: {}

  mrmime@2.0.0: {}

  ms@2.1.2: {}

  nanoid@3.3.7: {}

  normalize-path@3.0.0: {}

  once@1.4.0:
    dependencies:
      wrappy: 1.0.2

  path-is-absolute@1.0.1: {}

  periscopic@3.1.0:
    dependencies:
      '@types/estree': 1.0.5
      estree-walker: 3.0.3
      is-reference: 3.0.2

  picocolors@1.0.1: {}

  picomatch@2.3.1: {}

  postcss@8.4.39:
    dependencies:
      nanoid: 3.3.7
      picocolors: 1.0.1
      source-map-js: 1.2.0

  readdirp@3.6.0:
    dependencies:
      picomatch: 2.3.1

  rimraf@2.7.1:
    dependencies:
      glob: 7.2.3

  rollup@4.18.1:
    dependencies:
      '@types/estree': 1.0.5
    optionalDependencies:
      '@rollup/rollup-android-arm-eabi': 4.18.1
      '@rollup/rollup-android-arm64': 4.18.1
      '@rollup/rollup-darwin-arm64': 4.18.1
      '@rollup/rollup-darwin-x64': 4.18.1
      '@rollup/rollup-linux-arm-gnueabihf': 4.18.1
      '@rollup/rollup-linux-arm-musleabihf': 4.18.1
      '@rollup/rollup-linux-arm64-gnu': 4.18.1
      '@rollup/rollup-linux-arm64-musl': 4.18.1
      '@rollup/rollup-linux-powerpc64le-gnu': 4.18.1
      '@rollup/rollup-linux-riscv64-gnu': 4.18.1
      '@rollup/rollup-linux-s390x-gnu': 4.18.1
      '@rollup/rollup-linux-x64-gnu': 4.18.1
      '@rollup/rollup-linux-x64-musl': 4.18.1
      '@rollup/rollup-win32-arm64-msvc': 4.18.1
      '@rollup/rollup-win32-ia32-msvc': 4.18.1
      '@rollup/rollup-win32-x64-msvc': 4.18.1
      fsevents: 2.3.3

  sade@1.8.1:
    dependencies:
      mri: 1.2.0

  sander@0.5.1:
    dependencies:
      es6-promise: 3.3.1
      graceful-fs: 4.2.11
      mkdirp: 0.5.6
      rimraf: 2.7.1

  set-cookie-parser@2.6.0: {}

  sirv@2.0.4:
    dependencies:
      '@polka/url': 1.0.0-next.25
      mrmime: 2.0.0
      totalist: 3.0.1

  sorcery@0.11.1:
    dependencies:
      '@jridgewell/sourcemap-codec': 1.4.15
      buffer-crc32: 1.0.0
      minimist: 1.2.8
      sander: 0.5.1

  source-map-js@1.2.0: {}

  strip-indent@3.0.0:
    dependencies:
      min-indent: 1.0.1

  svelte-check@3.8.4(postcss@8.4.39)(svelte@4.2.18):
    dependencies:
      '@jridgewell/trace-mapping': 0.3.25
      chokidar: 3.6.0
      picocolors: 1.0.1
      sade: 1.8.1
      svelte: 4.2.18
      svelte-preprocess: 5.1.4(postcss@8.4.39)(svelte@4.2.18)(typescript@5.5.3)
      typescript: 5.5.3
    transitivePeerDependencies:
      - '@babel/core'
      - coffeescript
      - less
      - postcss
      - postcss-load-config
      - pug
      - sass
      - stylus
      - sugarss

  svelte-hmr@0.16.0(svelte@4.2.18):
    dependencies:
      svelte: 4.2.18

  svelte-preprocess@5.1.4(postcss@8.4.39)(svelte@4.2.18)(typescript@5.5.3):
    dependencies:
      '@types/pug': 2.0.10
      detect-indent: 6.1.0
      magic-string: 0.30.10
      sorcery: 0.11.1
      strip-indent: 3.0.0
      svelte: 4.2.18
    optionalDependencies:
      postcss: 8.4.39
      typescript: 5.5.3

  svelte@4.2.18:
    dependencies:
      '@ampproject/remapping': 2.3.0
      '@jridgewell/sourcemap-codec': 1.4.15
      '@jridgewell/trace-mapping': 0.3.25
      '@types/estree': 1.0.5
      acorn: 8.12.1
      aria-query: 5.3.0
      axobject-query: 4.0.0
      code-red: 1.0.4
      css-tree: 2.3.1
      estree-walker: 3.0.3
      is-reference: 3.0.2
      locate-character: 3.0.0
      magic-string: 0.30.10
      periscopic: 3.1.0

  tiny-glob@0.2.9:
    dependencies:
      globalyzer: 0.1.0
      globrex: 0.1.2

  to-regex-range@5.0.1:
    dependencies:
      is-number: 7.0.0

  totalist@3.0.1: {}

  tslib@2.6.3: {}

  typescript@5.5.3: {}

  vite@5.3.3:
    dependencies:
      esbuild: 0.21.5
      postcss: 8.4.39
      rollup: 4.18.1
    optionalDependencies:
      fsevents: 2.3.3

  vitefu@0.2.5(vite@5.3.3):
    optionalDependencies:
      vite: 5.3.3

  wrappy@1.0.2: {}
